
Microsoft Visual Studio Solution File, Format Version 12.00
# Visual Studio Version 16
VisualStudioVersion = 16.0.31729.503
MinimumVisualStudioVersion = 10.0.40219.1
Project("{9A19103F-16F7-4668-BE54-9A1E7A4F7556}") = "FamiliaControleContas", "FamiliaControleContas\FamiliaControleContas.csproj", "{0BB0776E-50E1-4879-95FC-FE3439C58A7A}"
EndProject
Project("{FAE04EC0-301F-11D3-BF4B-00C04F79EFBC}") = "FamiliaControleContas.Data", "FamiliaControleContas.Data\FamiliaControleContas.Data.csproj", "{FDDC1E5D-9180-45AD-AAF7-66CAAAA99CCF}"
EndProject
Global
	GlobalSection(SolutionConfigurationPlatforms) = preSolution
		Debug|Any CPU = Debug|Any CPU
		Release|Any CPU = Release|Any CPU
	EndGlobalSection
	GlobalSection(ProjectConfigurationPlatforms) = postSolution
		{0BB0776E-50E1-4879-95FC-FE3439C58A7A}.Debug|Any CPU.ActiveCfg = Debug|Any CPU
		{0BB0776E-50E1-4879-95FC-FE3439C58A7A}.Debug|Any CPU.Build.0 = Debug|Any CPU
		{0BB0776E-50E1-4879-95FC-FE3439C58A7A}.Release|Any CPU.ActiveCfg = Release|Any CPU
		{0BB0776E-50E1-4879-95FC-FE3439C58A7A}.Release|Any CPU.Build.0 = Release|Any CPU
		{FDDC1E5D-9180-45AD-AAF7-66CAAAA99CCF}.Debug|Any CPU.ActiveCfg = Debug|Any CPU
		{FDDC1E5D-9180-45AD-AAF7-66CAAAA99CCF}.Debug|Any CPU.Build.0 = Debug|Any CPU
		{FDDC1E5D-9180-45AD-AAF7-66CAAAA99CCF}.Release|Any CPU.ActiveCfg = Release|Any CPU
		{FDDC1E5D-9180-45AD-AAF7-66CAAAA99CCF}.Release|Any CPU.Build.0 = Release|Any CPU
	EndGlobalSection
	GlobalSection(SolutionProperties) = preSolution
		HideSolutionNode = FALSE
	EndGlobalSection
	GlobalSection(ExtensibilityGlobals) = postSolution
		SolutionGuid = {37F1DEB0-8E55-4286-85CF-9BD6BD11FDCF}
	EndGlobalSection
EndGlobal
